
Microsoft Visual Studio Solution File, Format Version 12.00
# Visual Studio Version 17
VisualStudioVersion = 17.12.35521.163 d17.12
MinimumVisualStudioVersion = 10.0.40219.1
Project("{FAE04EC0-301F-11D3-BF4B-00C04F79EFBC}") = "skuska", "skuska\skuska.csproj", "{50F67DF0-ADA8-4D1E-BC1C-0F20BC2EC04E}"
EndProject
Project("{2150E333-8FDC-42A3-9474-1A3956D46DE8}") = "Solution Items", "Solution Items", "{1D1BA697-07E5-486A-BE73-9EB4445D7EB4}"
EndProject
Global
	GlobalSection(SolutionConfigurationPlatforms) = preSolution
		Debug|Any CPU = Debug|Any CPU
		Release|Any CPU = Release|Any CPU
	EndGlobalSection
	GlobalSection(ProjectConfigurationPlatforms) = postSolution
		{50F67DF0-ADA8-4D1E-BC1C-0F20BC2EC04E}.Debug|Any CPU.ActiveCfg = Debug|Any CPU
		{50F67DF0-ADA8-4D1E-BC1C-0F20BC2EC04E}.Debug|Any CPU.Build.0 = Debug|Any CPU
		{50F67DF0-ADA8-4D1E-BC1C-0F20BC2EC04E}.Release|Any CPU.ActiveCfg = Release|Any CPU
		{50F67DF0-ADA8-4D1E-BC1C-0F20BC2EC04E}.Release|Any CPU.Build.0 = Release|Any CPU
	EndGlobalSection
	GlobalSection(SolutionProperties) = preSolution
		HideSolutionNode = FALSE
	EndGlobalSection
EndGlobal
